git https://github.com/Luukdegram/apple_pie.git master src/apple_pie.zig 5399084b774a609b6058b700ee5777f5d4376733
git https://github.com/kristoff-it/zig-okredis.git master src/okredis.zig 93b11795b549a6b35b4d39c8d71ce4bcbf1a4a71
git https://github.com/Hejsil/zig-clap.git master clap.zig ac5f46541ca47d3db9df0fcef3cc61731adaefab
