git https://github.com/Luukdegram/apple_pie.git master src/apple_pie.zig bb3ca70d154de87bc534cf04a9a22afa5e7058f2
git https://github.com/kristoff-it/zig-okredis.git master src/okredis.zig 93b11795b549a6b35b4d39c8d71ce4bcbf1a4a71
git https://github.com/Hejsil/zig-clap.git zig-master clap.zig cf8a34d11f0520bdf2afc08eda88862597a88b23
