git https://github.com/Luukdegram/apple_pie.git master src/apple_pie.zig 55b25cf50018fe314606765ca984a0a841743eb5
git https://github.com/kristoff-it/zig-okredis.git master src/okredis.zig 4cbde14b7ebba267b3a73b7fa51881772231d512
git https://github.com/Hejsil/zig-clap.git master clap.zig 996821a3e1f186c9e5cdfd971d742c9815ea590e
